
Microsoft Visual Studio Solution File, Format Version 12.00
# Visual Studio Version 16
VisualStudioVersion = 16.0.28803.202
MinimumVisualStudioVersion = 10.0.40219.1
Project("{8BC9CEB8-8B4A-11D0-8D11-00A0C91BC942}") = "jep_utils", "jep_utils\jep_utils.vcxproj", "{376FF2C2-10E5-4051-AECF-60795623D617}"
EndProject
Project("{8BC9CEB8-8B4A-11D0-8D11-00A0C91BC942}") = "Tests", "tests\Tests.vcxproj", "{96C187DA-FE01-404B-BB2F-5922178DC29D}"
	ProjectSection(ProjectDependencies) = postProject
		{376FF2C2-10E5-4051-AECF-60795623D617} = {376FF2C2-10E5-4051-AECF-60795623D617}
	EndProjectSection
EndProject
Global
	GlobalSection(SolutionConfigurationPlatforms) = preSolution
		Debug|x64 = Debug|x64
		Debug|x86 = Debug|x86
		Release|x64 = Release|x64
		Release|x86 = Release|x86
	EndGlobalSection
	GlobalSection(ProjectConfigurationPlatforms) = postSolution
		{376FF2C2-10E5-4051-AECF-60795623D617}.Debug|x64.ActiveCfg = Debug|x64
		{376FF2C2-10E5-4051-AECF-60795623D617}.Debug|x64.Build.0 = Debug|x64
		{376FF2C2-10E5-4051-AECF-60795623D617}.Debug|x86.ActiveCfg = Debug|Win32
		{376FF2C2-10E5-4051-AECF-60795623D617}.Debug|x86.Build.0 = Debug|Win32
		{376FF2C2-10E5-4051-AECF-60795623D617}.Release|x64.ActiveCfg = Release|x64
		{376FF2C2-10E5-4051-AECF-60795623D617}.Release|x64.Build.0 = Release|x64
		{376FF2C2-10E5-4051-AECF-60795623D617}.Release|x86.ActiveCfg = Release|Win32
		{376FF2C2-10E5-4051-AECF-60795623D617}.Release|x86.Build.0 = Release|Win32
		{96C187DA-FE01-404B-BB2F-5922178DC29D}.Debug|x64.ActiveCfg = Debug|x64
		{96C187DA-FE01-404B-BB2F-5922178DC29D}.Debug|x64.Build.0 = Debug|x64
		{96C187DA-FE01-404B-BB2F-5922178DC29D}.Debug|x86.ActiveCfg = Debug|Win32
		{96C187DA-FE01-404B-BB2F-5922178DC29D}.Debug|x86.Build.0 = Debug|Win32
		{96C187DA-FE01-404B-BB2F-5922178DC29D}.Release|x64.ActiveCfg = Release|x64
		{96C187DA-FE01-404B-BB2F-5922178DC29D}.Release|x64.Build.0 = Release|x64
		{96C187DA-FE01-404B-BB2F-5922178DC29D}.Release|x86.ActiveCfg = Release|Win32
		{96C187DA-FE01-404B-BB2F-5922178DC29D}.Release|x86.Build.0 = Release|Win32
	EndGlobalSection
	GlobalSection(SolutionProperties) = preSolution
		HideSolutionNode = FALSE
	EndGlobalSection
	GlobalSection(ExtensibilityGlobals) = postSolution
		SolutionGuid = {D8CE2639-5A3B-4070-9653-345546C305FF}
	EndGlobalSection
EndGlobal
